
Microsoft Visual Studio Solution File, Format Version 12.00
# Visual Studio Version 17
VisualStudioVersion = 17.10.35013.160
MinimumVisualStudioVersion = 10.0.40219.1
Project("{FAE04EC0-301F-11D3-BF4B-00C04F79EFBC}") = "ConsoleApp2", "ConsoleApp2\ConsoleApp2.csproj", "{3F51197D-6778-4309-9FCA-12BA800F4019}"
EndProject
Global
	GlobalSection(SolutionConfigurationPlatforms) = preSolution
		Debug|Any CPU = Debug|Any CPU
		Release|Any CPU = Release|Any CPU
	EndGlobalSection
	GlobalSection(ProjectConfigurationPlatforms) = postSolution
		{3F51197D-6778-4309-9FCA-12BA800F4019}.Debug|Any CPU.ActiveCfg = Debug|Any CPU
		{3F51197D-6778-4309-9FCA-12BA800F4019}.Debug|Any CPU.Build.0 = Debug|Any CPU
		{3F51197D-6778-4309-9FCA-12BA800F4019}.Release|Any CPU.ActiveCfg = Release|Any CPU
		{3F51197D-6778-4309-9FCA-12BA800F4019}.Release|Any CPU.Build.0 = Release|Any CPU
	EndGlobalSection
	GlobalSection(SolutionProperties) = preSolution
		HideSolutionNode = FALSE
	EndGlobalSection
	GlobalSection(ExtensibilityGlobals) = postSolution
		SolutionGuid = {36095D6F-CEB1-4A3A-9F30-A5DF774DCA1F}
	EndGlobalSection
EndGlobal
